
Microsoft Visual Studio Solution File, Format Version 12.00
# Visual Studio Version 17
VisualStudioVersion = 17.8.34330.188
MinimumVisualStudioVersion = 10.0.40219.1
Project("{9A19103F-16F7-4668-BE54-9A1E7A4F7556}") = "ClocksessionAutomation", "ClocksessionGhostQAAutomation\ClocksessionAutomation.csproj", "{7653A754-D4C4-4DD3-92EF-39C24A41EE43}"
EndProject
Project("{54A90642-561A-4BB1-A94E-469ADEE60C69}") = "seleniumreact_app", "E:\GhostQACode\MyersAndStauffer_GhostQA-main (2)\MyersAndStauffer_GhostQA-main\seleniumreact_app\seleniumreact_app.esproj", "{031BF8B4-0F0E-4260-939F-7AB3DA350670}"
EndProject
Project("{9A19103F-16F7-4668-BE54-9A1E7A4F7556}") = "SeleniumReportAPI", "E:\GhostQACode\MyersAndStauffer_GhostQA-main (2)\MyersAndStauffer_GhostQA-main\SeleniumReportAPI\SeleniumReportAPI.csproj", "{43B69AFC-088B-4B93-B7DF-4FF7BE987FB5}"
EndProject
Project("{9A19103F-16F7-4668-BE54-9A1E7A4F7556}") = "TestSeleniumReport", "E:\GhostQACode\MyersAndStauffer_GhostQA-main (2)\MyersAndStauffer_GhostQA-main\TestSeleniumReport\TestSeleniumReport.csproj", "{F80B4478-0770-46ED-864F-99941C975E1C}"
EndProject
Global
	GlobalSection(SolutionConfigurationPlatforms) = preSolution
		Debug|Any CPU = Debug|Any CPU
		Debug|ARM32 = Debug|ARM32
		Debug|ARM64 = Debug|ARM64
		Debug|x64 = Debug|x64
		Release|Any CPU = Release|Any CPU
		Release|ARM32 = Release|ARM32
		Release|ARM64 = Release|ARM64
		Release|x64 = Release|x64
	EndGlobalSection
	GlobalSection(ProjectConfigurationPlatforms) = postSolution
		{7653A754-D4C4-4DD3-92EF-39C24A41EE43}.Debug|Any CPU.ActiveCfg = Debug|Any CPU
		{7653A754-D4C4-4DD3-92EF-39C24A41EE43}.Debug|Any CPU.Build.0 = Debug|Any CPU
		{7653A754-D4C4-4DD3-92EF-39C24A41EE43}.Debug|ARM32.ActiveCfg = Debug|Any CPU
		{7653A754-D4C4-4DD3-92EF-39C24A41EE43}.Debug|ARM32.Build.0 = Debug|Any CPU
		{7653A754-D4C4-4DD3-92EF-39C24A41EE43}.Debug|ARM64.ActiveCfg = Debug|Any CPU
		{7653A754-D4C4-4DD3-92EF-39C24A41EE43}.Debug|ARM64.Build.0 = Debug|Any CPU
		{7653A754-D4C4-4DD3-92EF-39C24A41EE43}.Debug|x64.ActiveCfg = Debug|Any CPU
		{7653A754-D4C4-4DD3-92EF-39C24A41EE43}.Debug|x64.Build.0 = Debug|Any CPU
		{7653A754-D4C4-4DD3-92EF-39C24A41EE43}.Release|Any CPU.ActiveCfg = Release|Any CPU
		{7653A754-D4C4-4DD3-92EF-39C24A41EE43}.Release|Any CPU.Build.0 = Release|Any CPU
		{7653A754-D4C4-4DD3-92EF-39C24A41EE43}.Release|ARM32.ActiveCfg = Release|Any CPU
		{7653A754-D4C4-4DD3-92EF-39C24A41EE43}.Release|ARM32.Build.0 = Release|Any CPU
		{7653A754-D4C4-4DD3-92EF-39C24A41EE43}.Release|ARM64.ActiveCfg = Release|Any CPU
		{7653A754-D4C4-4DD3-92EF-39C24A41EE43}.Release|ARM64.Build.0 = Release|Any CPU
		{7653A754-D4C4-4DD3-92EF-39C24A41EE43}.Release|x64.ActiveCfg = Release|Any CPU
		{7653A754-D4C4-4DD3-92EF-39C24A41EE43}.Release|x64.Build.0 = Release|Any CPU
		{031BF8B4-0F0E-4260-939F-7AB3DA350670}.Debug|Any CPU.ActiveCfg = Debug|Any CPU
		{031BF8B4-0F0E-4260-939F-7AB3DA350670}.Debug|Any CPU.Build.0 = Debug|Any CPU
		{031BF8B4-0F0E-4260-939F-7AB3DA350670}.Debug|Any CPU.Deploy.0 = Debug|Any CPU
		{031BF8B4-0F0E-4260-939F-7AB3DA350670}.Debug|ARM32.ActiveCfg = Debug|Any CPU
		{031BF8B4-0F0E-4260-939F-7AB3DA350670}.Debug|ARM32.Build.0 = Debug|Any CPU
		{031BF8B4-0F0E-4260-939F-7AB3DA350670}.Debug|ARM32.Deploy.0 = Debug|Any CPU
		{031BF8B4-0F0E-4260-939F-7AB3DA350670}.Debug|ARM64.ActiveCfg = Debug|Any CPU
		{031BF8B4-0F0E-4260-939F-7AB3DA350670}.Debug|ARM64.Build.0 = Debug|Any CPU
		{031BF8B4-0F0E-4260-939F-7AB3DA350670}.Debug|ARM64.Deploy.0 = Debug|Any CPU
		{031BF8B4-0F0E-4260-939F-7AB3DA350670}.Debug|x64.ActiveCfg = Debug|Any CPU
		{031BF8B4-0F0E-4260-939F-7AB3DA350670}.Debug|x64.Build.0 = Debug|Any CPU
		{031BF8B4-0F0E-4260-939F-7AB3DA350670}.Debug|x64.Deploy.0 = Debug|Any CPU
		{031BF8B4-0F0E-4260-939F-7AB3DA350670}.Release|Any CPU.ActiveCfg = Release|Any CPU
		{031BF8B4-0F0E-4260-939F-7AB3DA350670}.Release|Any CPU.Build.0 = Release|Any CPU
		{031BF8B4-0F0E-4260-939F-7AB3DA350670}.Release|Any CPU.Deploy.0 = Release|Any CPU
		{031BF8B4-0F0E-4260-939F-7AB3DA350670}.Release|ARM32.ActiveCfg = Release|Any CPU
		{031BF8B4-0F0E-4260-939F-7AB3DA350670}.Release|ARM32.Build.0 = Release|Any CPU
		{031BF8B4-0F0E-4260-939F-7AB3DA350670}.Release|ARM32.Deploy.0 = Release|Any CPU
		{031BF8B4-0F0E-4260-939F-7AB3DA350670}.Release|ARM64.ActiveCfg = Release|Any CPU
		{031BF8B4-0F0E-4260-939F-7AB3DA350670}.Release|ARM64.Build.0 = Release|Any CPU
		{031BF8B4-0F0E-4260-939F-7AB3DA350670}.Release|ARM64.Deploy.0 = Release|Any CPU
		{031BF8B4-0F0E-4260-939F-7AB3DA350670}.Release|x64.ActiveCfg = Release|Any CPU
		{031BF8B4-0F0E-4260-939F-7AB3DA350670}.Release|x64.Build.0 = Release|Any CPU
		{031BF8B4-0F0E-4260-939F-7AB3DA350670}.Release|x64.Deploy.0 = Release|Any CPU
		{43B69AFC-088B-4B93-B7DF-4FF7BE987FB5}.Debug|Any CPU.ActiveCfg = Debug|Any CPU
		{43B69AFC-088B-4B93-B7DF-4FF7BE987FB5}.Debug|Any CPU.Build.0 = Debug|Any CPU
		{43B69AFC-088B-4B93-B7DF-4FF7BE987FB5}.Debug|ARM32.ActiveCfg = Debug|Any CPU
		{43B69AFC-088B-4B93-B7DF-4FF7BE987FB5}.Debug|ARM32.Build.0 = Debug|Any CPU
		{43B69AFC-088B-4B93-B7DF-4FF7BE987FB5}.Debug|ARM64.ActiveCfg = Debug|Any CPU
		{43B69AFC-088B-4B93-B7DF-4FF7BE987FB5}.Debug|ARM64.Build.0 = Debug|Any CPU
		{43B69AFC-088B-4B93-B7DF-4FF7BE987FB5}.Debug|x64.ActiveCfg = Debug|x64
		{43B69AFC-088B-4B93-B7DF-4FF7BE987FB5}.Debug|x64.Build.0 = Debug|x64
		{43B69AFC-088B-4B93-B7DF-4FF7BE987FB5}.Release|Any CPU.ActiveCfg = Release|Any CPU
		{43B69AFC-088B-4B93-B7DF-4FF7BE987FB5}.Release|Any CPU.Build.0 = Release|Any CPU
		{43B69AFC-088B-4B93-B7DF-4FF7BE987FB5}.Release|ARM32.ActiveCfg = Release|Any CPU
		{43B69AFC-088B-4B93-B7DF-4FF7BE987FB5}.Release|ARM32.Build.0 = Release|Any CPU
		{43B69AFC-088B-4B93-B7DF-4FF7BE987FB5}.Release|ARM64.ActiveCfg = Release|Any CPU
		{43B69AFC-088B-4B93-B7DF-4FF7BE987FB5}.Release|ARM64.Build.0 = Release|Any CPU
		{43B69AFC-088B-4B93-B7DF-4FF7BE987FB5}.Release|x64.ActiveCfg = Release|x64
		{43B69AFC-088B-4B93-B7DF-4FF7BE987FB5}.Release|x64.Build.0 = Release|x64
		{F80B4478-0770-46ED-864F-99941C975E1C}.Debug|Any CPU.ActiveCfg = Debug|Any CPU
		{F80B4478-0770-46ED-864F-99941C975E1C}.Debug|Any CPU.Build.0 = Debug|Any CPU
		{F80B4478-0770-46ED-864F-99941C975E1C}.Debug|ARM32.ActiveCfg = Debug|ARM32
		{F80B4478-0770-46ED-864F-99941C975E1C}.Debug|ARM32.Build.0 = Debug|ARM32
		{F80B4478-0770-46ED-864F-99941C975E1C}.Debug|ARM64.ActiveCfg = Debug|ARM64
		{F80B4478-0770-46ED-864F-99941C975E1C}.Debug|ARM64.Build.0 = Debug|ARM64
		{F80B4478-0770-46ED-864F-99941C975E1C}.Debug|x64.ActiveCfg = Debug|Any CPU
		{F80B4478-0770-46ED-864F-99941C975E1C}.Debug|x64.Build.0 = Debug|Any CPU
		{F80B4478-0770-46ED-864F-99941C975E1C}.Release|Any CPU.ActiveCfg = Release|Any CPU
		{F80B4478-0770-46ED-864F-99941C975E1C}.Release|Any CPU.Build.0 = Release|Any CPU
		{F80B4478-0770-46ED-864F-99941C975E1C}.Release|ARM32.ActiveCfg = Release|ARM32
		{F80B4478-0770-46ED-864F-99941C975E1C}.Release|ARM32.Build.0 = Release|ARM32
		{F80B4478-0770-46ED-864F-99941C975E1C}.Release|ARM64.ActiveCfg = Release|ARM64
		{F80B4478-0770-46ED-864F-99941C975E1C}.Release|ARM64.Build.0 = Release|ARM64
		{F80B4478-0770-46ED-864F-99941C975E1C}.Release|x64.ActiveCfg = Release|Any CPU
		{F80B4478-0770-46ED-864F-99941C975E1C}.Release|x64.Build.0 = Release|Any CPU
	EndGlobalSection
	GlobalSection(SolutionProperties) = preSolution
		HideSolutionNode = FALSE
	EndGlobalSection
	GlobalSection(ExtensibilityGlobals) = postSolution
		SolutionGuid = {EED9522C-7A64-4184-9C4B-A23B5C1E1045}
	EndGlobalSection
EndGlobal
