
Microsoft Visual Studio Solution File, Format Version 12.00
# Visual Studio Version 17
VisualStudioVersion = 17.8.34330.188
MinimumVisualStudioVersion = 10.0.40219.1
Project("{9A19103F-16F7-4668-BE54-9A1E7A4F7556}") = "ClocksessionAutomation", "ClocksessionGhostQAAutomation\ClocksessionAutomation.csproj", "{7653A754-D4C4-4DD3-92EF-39C24A41EE43}"
EndProject
Project("{9A19103F-16F7-4668-BE54-9A1E7A4F7556}") = "SeleniumReportAPI", "SeleniumReportAPI\SeleniumReportAPI.csproj", "{8C92595B-D293-40CB-B4FF-7A7ED588F980}"
EndProject
Project("{54A90642-561A-4BB1-A94E-469ADEE60C69}") = "seleniumreact_app", "seleniumreact_app\seleniumreact_app.esproj", "{273178B3-B226-4AAA-B0A1-513BBE9D4BBC}"
EndProject
Global
	GlobalSection(SolutionConfigurationPlatforms) = preSolution
		Debug|Any CPU = Debug|Any CPU
		Debug|ARM32 = Debug|ARM32
		Debug|ARM64 = Debug|ARM64
		Debug|x64 = Debug|x64
		Release|Any CPU = Release|Any CPU
		Release|ARM32 = Release|ARM32
		Release|ARM64 = Release|ARM64
		Release|x64 = Release|x64
	EndGlobalSection
	GlobalSection(ProjectConfigurationPlatforms) = postSolution
		{7653A754-D4C4-4DD3-92EF-39C24A41EE43}.Debug|Any CPU.ActiveCfg = Debug|Any CPU
		{7653A754-D4C4-4DD3-92EF-39C24A41EE43}.Debug|Any CPU.Build.0 = Debug|Any CPU
		{7653A754-D4C4-4DD3-92EF-39C24A41EE43}.Debug|ARM32.ActiveCfg = Debug|Any CPU
		{7653A754-D4C4-4DD3-92EF-39C24A41EE43}.Debug|ARM32.Build.0 = Debug|Any CPU
		{7653A754-D4C4-4DD3-92EF-39C24A41EE43}.Debug|ARM64.ActiveCfg = Debug|Any CPU
		{7653A754-D4C4-4DD3-92EF-39C24A41EE43}.Debug|ARM64.Build.0 = Debug|Any CPU
		{7653A754-D4C4-4DD3-92EF-39C24A41EE43}.Debug|x64.ActiveCfg = Debug|Any CPU
		{7653A754-D4C4-4DD3-92EF-39C24A41EE43}.Debug|x64.Build.0 = Debug|Any CPU
		{7653A754-D4C4-4DD3-92EF-39C24A41EE43}.Release|Any CPU.ActiveCfg = Release|Any CPU
		{7653A754-D4C4-4DD3-92EF-39C24A41EE43}.Release|Any CPU.Build.0 = Release|Any CPU
		{7653A754-D4C4-4DD3-92EF-39C24A41EE43}.Release|ARM32.ActiveCfg = Release|Any CPU
		{7653A754-D4C4-4DD3-92EF-39C24A41EE43}.Release|ARM32.Build.0 = Release|Any CPU
		{7653A754-D4C4-4DD3-92EF-39C24A41EE43}.Release|ARM64.ActiveCfg = Release|Any CPU
		{7653A754-D4C4-4DD3-92EF-39C24A41EE43}.Release|ARM64.Build.0 = Release|Any CPU
		{7653A754-D4C4-4DD3-92EF-39C24A41EE43}.Release|x64.ActiveCfg = Release|Any CPU
		{7653A754-D4C4-4DD3-92EF-39C24A41EE43}.Release|x64.Build.0 = Release|Any CPU
		{8C92595B-D293-40CB-B4FF-7A7ED588F980}.Debug|Any CPU.ActiveCfg = Debug|Any CPU
		{8C92595B-D293-40CB-B4FF-7A7ED588F980}.Debug|Any CPU.Build.0 = Debug|Any CPU
		{8C92595B-D293-40CB-B4FF-7A7ED588F980}.Debug|ARM32.ActiveCfg = Debug|Any CPU
		{8C92595B-D293-40CB-B4FF-7A7ED588F980}.Debug|ARM32.Build.0 = Debug|Any CPU
		{8C92595B-D293-40CB-B4FF-7A7ED588F980}.Debug|ARM64.ActiveCfg = Debug|Any CPU
		{8C92595B-D293-40CB-B4FF-7A7ED588F980}.Debug|ARM64.Build.0 = Debug|Any CPU
		{8C92595B-D293-40CB-B4FF-7A7ED588F980}.Debug|x64.ActiveCfg = Debug|x64
		{8C92595B-D293-40CB-B4FF-7A7ED588F980}.Debug|x64.Build.0 = Debug|x64
		{8C92595B-D293-40CB-B4FF-7A7ED588F980}.Release|Any CPU.ActiveCfg = Release|Any CPU
		{8C92595B-D293-40CB-B4FF-7A7ED588F980}.Release|Any CPU.Build.0 = Release|Any CPU
		{8C92595B-D293-40CB-B4FF-7A7ED588F980}.Release|ARM32.ActiveCfg = Release|Any CPU
		{8C92595B-D293-40CB-B4FF-7A7ED588F980}.Release|ARM32.Build.0 = Release|Any CPU
		{8C92595B-D293-40CB-B4FF-7A7ED588F980}.Release|ARM64.ActiveCfg = Release|Any CPU
		{8C92595B-D293-40CB-B4FF-7A7ED588F980}.Release|ARM64.Build.0 = Release|Any CPU
		{8C92595B-D293-40CB-B4FF-7A7ED588F980}.Release|x64.ActiveCfg = Release|x64
		{8C92595B-D293-40CB-B4FF-7A7ED588F980}.Release|x64.Build.0 = Release|x64
		{273178B3-B226-4AAA-B0A1-513BBE9D4BBC}.Debug|Any CPU.ActiveCfg = Debug|Any CPU
		{273178B3-B226-4AAA-B0A1-513BBE9D4BBC}.Debug|Any CPU.Build.0 = Debug|Any CPU
		{273178B3-B226-4AAA-B0A1-513BBE9D4BBC}.Debug|Any CPU.Deploy.0 = Debug|Any CPU
		{273178B3-B226-4AAA-B0A1-513BBE9D4BBC}.Debug|ARM32.ActiveCfg = Debug|Any CPU
		{273178B3-B226-4AAA-B0A1-513BBE9D4BBC}.Debug|ARM32.Build.0 = Debug|Any CPU
		{273178B3-B226-4AAA-B0A1-513BBE9D4BBC}.Debug|ARM32.Deploy.0 = Debug|Any CPU
		{273178B3-B226-4AAA-B0A1-513BBE9D4BBC}.Debug|ARM64.ActiveCfg = Debug|Any CPU
		{273178B3-B226-4AAA-B0A1-513BBE9D4BBC}.Debug|ARM64.Build.0 = Debug|Any CPU
		{273178B3-B226-4AAA-B0A1-513BBE9D4BBC}.Debug|ARM64.Deploy.0 = Debug|Any CPU
		{273178B3-B226-4AAA-B0A1-513BBE9D4BBC}.Debug|x64.ActiveCfg = Debug|Any CPU
		{273178B3-B226-4AAA-B0A1-513BBE9D4BBC}.Debug|x64.Build.0 = Debug|Any CPU
		{273178B3-B226-4AAA-B0A1-513BBE9D4BBC}.Debug|x64.Deploy.0 = Debug|Any CPU
		{273178B3-B226-4AAA-B0A1-513BBE9D4BBC}.Release|Any CPU.ActiveCfg = Release|Any CPU
		{273178B3-B226-4AAA-B0A1-513BBE9D4BBC}.Release|Any CPU.Build.0 = Release|Any CPU
		{273178B3-B226-4AAA-B0A1-513BBE9D4BBC}.Release|Any CPU.Deploy.0 = Release|Any CPU
		{273178B3-B226-4AAA-B0A1-513BBE9D4BBC}.Release|ARM32.ActiveCfg = Release|Any CPU
		{273178B3-B226-4AAA-B0A1-513BBE9D4BBC}.Release|ARM32.Build.0 = Release|Any CPU
		{273178B3-B226-4AAA-B0A1-513BBE9D4BBC}.Release|ARM32.Deploy.0 = Release|Any CPU
		{273178B3-B226-4AAA-B0A1-513BBE9D4BBC}.Release|ARM64.ActiveCfg = Release|Any CPU
		{273178B3-B226-4AAA-B0A1-513BBE9D4BBC}.Release|ARM64.Build.0 = Release|Any CPU
		{273178B3-B226-4AAA-B0A1-513BBE9D4BBC}.Release|ARM64.Deploy.0 = Release|Any CPU
		{273178B3-B226-4AAA-B0A1-513BBE9D4BBC}.Release|x64.ActiveCfg = Release|Any CPU
		{273178B3-B226-4AAA-B0A1-513BBE9D4BBC}.Release|x64.Build.0 = Release|Any CPU
		{273178B3-B226-4AAA-B0A1-513BBE9D4BBC}.Release|x64.Deploy.0 = Release|Any CPU
	EndGlobalSection
	GlobalSection(SolutionProperties) = preSolution
		HideSolutionNode = FALSE
	EndGlobalSection
	GlobalSection(ExtensibilityGlobals) = postSolution
		SolutionGuid = {EED9522C-7A64-4184-9C4B-A23B5C1E1045}
	EndGlobalSection
EndGlobal
